
Microsoft Visual Studio Solution File, Format Version 12.00
# Visual Studio 15
VisualStudioVersion = 15.0.26430.14
MinimumVisualStudioVersion = 10.0.40219.1
Project("{9A19103F-16F7-4668-BE54-9A1E7A4F7556}") = "Northwind.Insurance.Website", "Northwind.Insurance.Website\Northwind.Insurance.Website.csproj", "{20B77EB5-A41E-4DE8-A1AB-365890451B38}"
EndProject
Global
	GlobalSection(SolutionConfigurationPlatforms) = preSolution
		Debug|Any CPU = Debug|Any CPU
		Release|Any CPU = Release|Any CPU
	EndGlobalSection
	GlobalSection(ProjectConfigurationPlatforms) = postSolution
		{20B77EB5-A41E-4DE8-A1AB-365890451B38}.Debug|Any CPU.ActiveCfg = Debug|Any CPU
		{20B77EB5-A41E-4DE8-A1AB-365890451B38}.Debug|Any CPU.Build.0 = Debug|Any CPU
		{20B77EB5-A41E-4DE8-A1AB-365890451B38}.Release|Any CPU.ActiveCfg = Release|Any CPU
		{20B77EB5-A41E-4DE8-A1AB-365890451B38}.Release|Any CPU.Build.0 = Release|Any CPU
	EndGlobalSection
	GlobalSection(SolutionProperties) = preSolution
		HideSolutionNode = FALSE
	EndGlobalSection
	GlobalSection(ExtensibilityGlobals) = postSolution
		SolutionGuid = {99835ADD-509E-4B0A-A1D8-FE373D0645BA}
	EndGlobalSection
EndGlobal
